
Microsoft Visual Studio Solution File, Format Version 12.00
# Visual Studio Version 17
VisualStudioVersion = 17.10.35013.160
MinimumVisualStudioVersion = 10.0.40219.1
Project("{9A19103F-16F7-4668-BE54-9A1E7A4F7556}") = "PersonalFinancialTracker", "PersonalFinancialTracker\PersonalFinancialTracker.csproj", "{B8B9062C-0179-4DD6-9136-2873C911AFCD}"
EndProject
Global
	GlobalSection(SolutionConfigurationPlatforms) = preSolution
		Debug|Any CPU = Debug|Any CPU
		Release|Any CPU = Release|Any CPU
	EndGlobalSection
	GlobalSection(ProjectConfigurationPlatforms) = postSolution
		{B8B9062C-0179-4DD6-9136-2873C911AFCD}.Debug|Any CPU.ActiveCfg = Debug|Any CPU
		{B8B9062C-0179-4DD6-9136-2873C911AFCD}.Debug|Any CPU.Build.0 = Debug|Any CPU
		{B8B9062C-0179-4DD6-9136-2873C911AFCD}.Release|Any CPU.ActiveCfg = Release|Any CPU
		{B8B9062C-0179-4DD6-9136-2873C911AFCD}.Release|Any CPU.Build.0 = Release|Any CPU
	EndGlobalSection
	GlobalSection(SolutionProperties) = preSolution
		HideSolutionNode = FALSE
	EndGlobalSection
	GlobalSection(ExtensibilityGlobals) = postSolution
		SolutionGuid = {D8E2E2DA-BAC8-4354-84BC-42F970FD9D76}
	EndGlobalSection
EndGlobal
